# This file is automatically @generated by Poetry 2.3.2 and should not be changed by hand.

[[package]]
name = "cffi"
version = "1.17.1"
description = "Foreign Function Interface for Python calling C code."
optional = false
python-versions = ">=3.8"
groups = ["main"]
files = [
    {file = "cffi-1.17.1-cp310-cp310-macosx_10_9_x86_64.whl", hash = "sha256:df8b1c11f177bc2313ec4b2d46baec87a5f3e71fc8b45dab2ee7cae86d9aba14"},
    {file = "cffi-1.17.1-cp310-cp310-macosx_11_0_arm64.whl", hash = "sha256:8f2cdc858323644ab277e9bb925ad72ae0e67f69e804f4898c070998d50b1a67"},
    {file = "cffi-1.17.1-cp310-cp310-manylinux_2_12_i686.manylinux2010_i686.manylinux_2_17_i686.manylinux2014_i686.whl", hash = "sha256:edae79245293e15384b51f88b00613ba9f7198016a5948b5dddf4917d4d26382"},
    {file = "cffi-1.17.1-cp310-cp310-manylinux_2_17_aarch64.manylinux2014_aarch64.whl", hash = "sha256:45398b671ac6d70e67da8e4224a065cec6a93541bb7aebe1b198a61b58c7b702"},
    {file = "cffi-1.17.1-cp310-cp310-manylinux_2_17_ppc64le.manylinux2014_ppc64le.whl", hash = "sha256:ad9413ccdeda48c5afdae7e4fa2192157e991ff761e7ab8fdd8926f40b160cc3"},
    {file = "cffi-1.17.1-cp310-cp310-manylinux_2_17_s390x.manylinux2014_s390x.whl", hash = "sha256:5da5719280082ac6bd9aa7becb3938dc9f9cbd57fac7d2871717b1feb0902ab6"},
    {file = "cffi-1.17.1-cp310-cp310-manylinux_2_17_x86_64.manylinux2014_x86_64.whl", hash = "sha256:2bb1a08b8008b281856e5971307cc386a8e9c5b625ac297e853d36da6efe9c17"},
    {file = "cffi-1.17.1-cp310-cp310-musllinux_1_1_aarch64.whl", hash = "sha256:045d61c734659cc045141be4bae381a41d89b741f795af1dd018bfb532fd0df8"},
    {file = "cffi-1.17.1-cp310-cp310-musllinux_1_1_i686.whl", hash = "sha256:6883e737d7d9e4899a8a695e00ec36bd4e5e4f18fabe0aca0efe0a4b44cdb13e"},
    {file = "cffi-1.17.1-cp310-cp310-musllinux_1_1_x86_64.whl", hash = "sha256:6b8b4a92e1c65048ff98cfe1f735ef8f1ceb72e3d5f0c25fdb12087a23da22be"},
    {file = "cffi-1.17.1-cp310-cp310-win32.whl", hash = "sha256:c9c3d058ebabb74db66e431095118094d06abf53284d9c81f27300d0e0d8bc7c"},
    {file = "cffi-1.17.1-cp310-cp310-win_amd64.whl", hash = "sha256:0f048dcf80db46f0098ccac01132761580d28e28bc0f78ae0d58048063317e15"},
    {file = "cffi-1.17.1-cp311-cp311-macosx_10_9_x86_64.whl", hash = "sha256:a45e3c6913c5b87b3ff120dcdc03f6131fa0065027d0ed7ee6190736a74cd401"},
    {file = "cffi-1.17.1-cp311-cp311-macosx_11_0_arm64.whl", hash = "sha256:30c5e0cb5ae493c04c8b42916e52ca38079f1b235c2f8ae5f4527b963c401caf"},
    {file = "cffi-1.17.1-cp311-cp311-manylinux_2_12_i686.manylinux2010_i686.manylinux_2_17_i686.manylinux2014_i686.whl", hash = "sha256:f75c7ab1f9e4aca5414ed4d8e5c0e303a34f4421f8a0d47a4d019ceff0ab6af4"},
    {file = "cffi-1.17.1-cp311-cp311-manylinux_2_17_aarch64.manylinux2014_aarch64.whl", hash = "sha256:a1ed2dd2972641495a3ec98445e09766f077aee98a1c896dcb4ad0d303628e41"},
    {file = "cffi-1.17.1-cp311-cp311-manylinux_2_17_ppc64le.manylinux2014_ppc64le.whl", hash = "sha256:46bf43160c1a35f7ec506d254e5c890f3c03648a4dbac12d624e4490a7046cd1"},
    {file = "cffi-1.17.1-cp311-cp311-manylinux_2_17_s390x.manylinux2014_s390x.whl", hash = "sha256:a24ed04c8ffd54b0729c07cee15a81d964e6fee0e3d4d342a27b020d22959dc6"},
    {file = "cffi-1.17.1-cp311-cp311-manylinux_2_17_x86_64.manylinux2014_x86_64.whl", hash = "sha256:610faea79c43e44c71e1ec53a554553fa22321b65fae24889706c0a84d4ad86d"},
    {file = "cffi-1.17.1-cp311-cp311-musllinux_1_1_aarch64.whl", hash = "sha256:a9b15d491f3ad5d692e11f6b71f7857e7835eb677955c00cc0aefcd0669adaf6"},
    {file = "cffi-1.17.1-cp311-cp311-musllinux_1_1_i686.whl", hash = "sha256:de2ea4b5833625383e464549fec1bc395c1bdeeb5f25c4a3a82b5a8c756ec22f"},
    {file = "cffi-1.17.1-cp311-cp311-musllinux_1_1_x86_64.whl", hash = "sha256:fc48c783f9c87e60831201f2cce7f3b2e4846bf4d8728eabe54d60700b318a0b"},
    {file = "cffi-1.17.1-cp311-cp311-win32.whl", hash = "sha256:85a950a4ac9c359340d5963966e3e0a94a676bd6245a4b55bc43949eee26a655"},
    {file = "cffi-1.17.1-cp311-cp311-win_amd64.whl", hash = "sha256:caaf0640ef5f5517f49bc275eca1406b0ffa6aa184892812030f04c2abf589a0"},
    {file = "cffi-1.17.1-cp312-cp312-macosx_10_9_x86_64.whl", hash = "sha256:805b4371bf7197c329fcb3ead37e710d1bca9da5d583f5073b799d5c5bd1eee4"},
    {file = "cffi-1.17.1-cp312-cp312-macosx_11_0_arm64.whl", hash = "sha256:733e99bc2df47476e3848417c5a4540522f234dfd4ef3ab7fafdf555b082ec0c"},
    {file = "cffi-1.17.1-cp312-cp312-manylinux_2_12_i686.manylinux2010_i686.manylinux_2_17_i686.manylinux2014_i686.whl", hash = "sha256:1257bdabf294dceb59f5e70c64a3e2f462c30c7ad68092d01bbbfb1c16b1ba36"},
    {file = "cffi-1.17.1-cp312-cp312-manylinux_2_17_aarch64.manylinux2014_aarch64.whl", hash = "sha256:da95af8214998d77a98cc14e3a3bd00aa191526343078b530ceb0bd710fb48a5"},
    {file = "cffi-1.17.1-cp312-cp312-manylinux_2_17_ppc64le.manylinux2014_ppc64le.whl", hash = "sha256:d63afe322132c194cf832bfec0dc69a99fb9bb6bbd550f161a49e9e855cc78ff"},
    {file = "cffi-1.17.1-cp312-cp312-manylinux_2_17_s390x.manylinux2014_s390x.whl", hash = "sha256:f79fc4fc25f1c8698ff97788206bb3c2598949bfe0fef03d299eb1b5356ada99"},
    {file = "cffi-1.17.1-cp312-cp312-manylinux_2_17_x86_64.manylinux2014_x86_64.whl", hash = "sha256:b62ce867176a75d03a665bad002af8e6d54644fad99a3c70905c543130e39d93"},
    {file = "cffi-1.17.1-cp312-cp312-musllinux_1_1_aarch64.whl", hash = "sha256:386c8bf53c502fff58903061338ce4f4950cbdcb23e2902d86c0f722b786bbe3"},
    {file = "cffi-1.17.1-cp312-cp312-musllinux_1_1_x86_64.whl", hash = "sha256:4ceb10419a9adf4460ea14cfd6bc43d08701f0835e979bf821052f1805850fe8"},
    {file = "cffi-1.17.1-cp312-cp312-win32.whl", hash = "sha256:a08d7e755f8ed21095a310a693525137cfe756ce62d066e53f502a83dc550f65"},
    {file = "cffi-1.17.1-cp312-cp312-win_amd64.whl", hash = "sha256:51392eae71afec0d0c8fb1a53b204dbb3bcabcb3c9b807eedf3e1e6ccf2de903"},
    {file = "cffi-1.17.1-cp313-cp313-macosx_10_13_x86_64.whl", hash = "sha256:f3a2b4222ce6b60e2e8b337bb9596923045681d71e5a082783484d845390938e"},
    {file = "cffi-1.17.1-cp313-cp313-macosx_11_0_arm64.whl", hash = "sha256:0984a4925a435b1da406122d4d7968dd861c1385afe3b45ba82b750f229811e2"},
    {file = "cffi-1.17.1-cp313-cp313-manylinux_2_12_i686.manylinux2010_i686.manylinux_2_17_i686.manylinux2014_i686.whl", hash = "sha256:d01b12eeeb4427d3110de311e1774046ad344f5b1a7403101878976ecd7a10f3"},
    {file = "cffi-1.17.1-cp313-cp313-manylinux_2_17_aarch64.manylinux2014_aarch64.whl", hash = "sha256:706510fe141c86a69c8ddc029c7910003a17353970cff3b904ff0686a5927683"},
    {file = "cffi-1.17.1-cp313-cp313-manylinux_2_17_ppc64le.manylinux2014_ppc64le.whl", hash = "sha256:de55b766c7aa2e2a3092c51e0483d700341182f08e67c63630d5b6f200bb28e5"},
    {file = "cffi-1.17.1-cp313-cp313-manylinux_2_17_s390x.manylinux2014_s390x.whl", hash = "sha256:c59d6e989d07460165cc5ad3c61f9fd8f1b4796eacbd81cee78957842b834af4"},
    {file = "cffi-1.17.1-cp313-cp313-manylinux_2_17_x86_64.manylinux2014_x86_64.whl", hash = "sha256:dd398dbc6773384a17fe0d3e7eeb8d1a21c2200473ee6806bb5e6a8e62bb73dd"},
    {file = "cffi-1.17.1-cp313-cp313-musllinux_1_1_aarch64.whl", hash = "sha256:3edc8d958eb099c634dace3c7e16560ae474aa3803a5df240542b305d14e14ed"},
    {file = "cffi-1.17.1-cp313-cp313-musllinux_1_1_x86_64.whl", hash = "sha256:72e72408cad3d5419375fc87d289076ee319835bdfa2caad331e377589aebba9"},
    {file = "cffi-1.17.1-cp313-cp313-win32.whl", hash = "sha256:e03eab0a8677fa80d646b5ddece1cbeaf556c313dcfac435ba11f107ba117b5d"},
    {file = "cffi-1.17.1-cp313-cp313-win_amd64.whl", hash = "sha256:f6a16c31041f09ead72d69f583767292f750d24913dadacf5756b966aacb3f1a"},
    {file = "cffi-1.17.1-cp38-cp38-macosx_10_9_x86_64.whl", hash = "sha256:636062ea65bd0195bc012fea9321aca499c0504409f413dc88af450b57ffd03b"},
    {file = "cffi-1.17.1-cp38-cp38-manylinux_2_12_i686.manylinux2010_i686.manylinux_2_17_i686.manylinux2014_i686.whl", hash = "sha256:c7eac2ef9b63c79431bc4b25f1cd649d7f061a28808cbc6c47b534bd789ef964"},
    {file = "cffi-1.17.1-cp38-cp38-manylinux_2_17_aarch64.manylinux2014_aarch64.whl", hash = "sha256:e221cf152cff04059d011ee126477f0d9588303eb57e88923578ace7baad17f9"},
    {file = "cffi-1.17.1-cp38-cp38-manylinux_2_17_ppc64le.manylinux2014_ppc64le.whl", hash = "sha256:31000ec67d4221a71bd3f67df918b1f88f676f1c3b535a7eb473255fdc0b83fc"},
    {file = "cffi-1.17.1-cp38-cp38-manylinux_2_17_s390x.manylinux2014_s390x.whl", hash = "sha256:6f17be4345073b0a7b8ea599688f692ac3ef23ce28e5df79c04de519dbc4912c"},
    {file = "cffi-1.17.1-cp38-cp38-manylinux_2_17_x86_64.manylinux2014_x86_64.whl", hash = "sha256:0e2b1fac190ae3ebfe37b979cc1ce69c81f4e4fe5746bb401dca63a9062cdaf1"},
    {file = "cffi-1.17.1-cp38-cp38-win32.whl", hash = "sha256:7596d6620d3fa590f677e9ee430df2958d2d6d6de2feeae5b20e82c00b76fbf8"},
    {file = "cffi-1.17.1-cp38-cp38-win_amd64.whl", hash = "sha256:78122be759c3f8a014ce010908ae03364d00a1f81ab5c7f4a7a5120607ea56e1"},
    {file = "cffi-1.17.1-cp39-cp39-macosx_10_9_x86_64.whl", hash = "sha256:b2ab587605f4ba0bf81dc0cb08a41bd1c0a5906bd59243d56bad7668a6fc6c16"},
    {file = "cffi-1.17.1-cp39-cp39-macosx_11_0_arm64.whl", hash = "sha256:28b16024becceed8c6dfbc75629e27788d8a3f9030691a1dbf9821a128b22c36"},
    {file = "cffi-1.17.1-cp39-cp39-manylinux_2_12_i686.manylinux2010_i686.manylinux_2_17_i686.manylinux2014_i686.whl", hash = "sha256:1d599671f396c4723d016dbddb72fe8e0397082b0a77a4fab8028923bec050e8"},
    {file = "cffi-1.17.1-cp39-cp39-manylinux_2_17_aarch64.manylinux2014_aarch64.whl", hash = "sha256:ca74b8dbe6e8e8263c0ffd60277de77dcee6c837a3d0881d8c1ead7268c9e576"},
    {file = "cffi-1.17.1-cp39-cp39-manylinux_2_17_ppc64le.manylinux2014_ppc64le.whl", hash = "sha256:f7f5baafcc48261359e14bcd6d9bff6d4b28d9103847c9e136694cb0501aef87"},
    {file = "cffi-1.17.1-cp39-cp39-manylinux_2_17_s390x.manylinux2014_s390x.whl", hash = "sha256:98e3969bcff97cae1b2def8ba499ea3d6f31ddfdb7635374834cf89a1a08ecf0"},
    {file = "cffi-1.17.1-cp39-cp39-manylinux_2_17_x86_64.manylinux2014_x86_64.whl", hash = "sha256:cdf5ce3acdfd1661132f2a9c19cac174758dc2352bfe37d98aa7512c6b7178b3"},
    {file = "cffi-1.17.1-cp39-cp39-musllinux_1_1_aarch64.whl", hash = "sha256:9755e4345d1ec879e3849e62222a18c7174d65a6a92d5b346b1863912168b595"},
    {file = "cffi-1.17.1-cp39-cp39-musllinux_1_1_i686.whl", hash = "sha256:f1e22e8c4419538cb197e4dd60acc919d7696e5ef98ee4da4e01d3f8cfa4cc5a"},
    {file = "cffi-1.17.1-cp39-cp39-musllinux_1_1_x86_64.whl", hash = "sha256:c03e868a0b3bc35839ba98e74211ed2b05d2119be4e8a0f224fba9384f1fe02e"},
    {file = "cffi-1.17.1-cp39-cp39-win32.whl", hash = "sha256:e31ae45bc2e29f6b2abd0de1cc3b9d5205aa847cafaecb8af1476a609a2f6eb7"},
    {file = "cffi-1.17.1-cp39-cp39-win_amd64.whl", hash = "sha256:d016c76bdd850f3c626af19b0542c9677ba156e4ee4fccfdd7848803533ef662"},
    {file = "cffi-1.17.1.tar.gz", hash = "sha256:1c39c6016c32bc48dd54561950ebd6836e1670f2ae46128f67cf49e789c52824"},
]

[package.dependencies]
pycparser = "*"

[[package]]
name = "cryptography"
version = "45.0.7"
description = "cryptography is a package which provides cryptographic recipes and primitives to Python developers."
optional = false
python-versions = "!=3.9.0,!=3.9.1,>=3.7"
groups = ["main"]
markers = "python_full_version >= \"3.14.0\" and platform_python_implementation != \"PyPy\""
files = [
    {file = "cryptography-45.0.7-cp311-abi3-macosx_10_9_universal2.whl", hash = "sha256:3be4f21c6245930688bd9e162829480de027f8bf962ede33d4f8ba7d67a00cee"},
    {file = "cryptography-45.0.7-cp311-abi3-manylinux2014_aarch64.manylinux_2_17_aarch64.whl", hash = "sha256:67285f8a611b0ebc0857ced2081e30302909f571a46bfa7a3cc0ad303fe015c6"},
    {file = "cryptography-45.0.7-cp311-abi3-manylinux2014_x86_64.manylinux_2_17_x86_64.whl", hash = "sha256:577470e39e60a6cd7780793202e63536026d9b8641de011ed9d8174da9ca5339"},
    {file = "cryptography-45.0.7-cp311-abi3-manylinux_2_28_aarch64.whl", hash = "sha256:4bd3e5c4b9682bc112d634f2c6ccc6736ed3635fc3319ac2bb11d768cc5a00d8"},
    {file = "cryptography-45.0.7-cp311-abi3-manylinux_2_28_armv7l.manylinux_2_31_armv7l.whl", hash = "sha256:465ccac9d70115cd4de7186e60cfe989de73f7bb23e8a7aa45af18f7412e75bf"},
    {file = "cryptography-45.0.7-cp311-abi3-manylinux_2_28_x86_64.whl", hash = "sha256:16ede8a4f7929b4b7ff3642eba2bf79aa1d71f24ab6ee443935c0d269b6bc513"},
    {file = "cryptography-45.0.7-cp311-abi3-manylinux_2_34_aarch64.whl", hash = "sha256:8978132287a9d3ad6b54fcd1e08548033cc09dc6aacacb6c004c73c3eb5d3ac3"},
    {file = "cryptography-45.0.7-cp311-abi3-manylinux_2_34_x86_64.whl", hash = "sha256:b6a0e535baec27b528cb07a119f321ac024592388c5681a5ced167ae98e9fff3"},
    {file = "cryptography-45.0.7-cp311-abi3-musllinux_1_2_aarch64.whl", hash = "sha256:a24ee598d10befaec178efdff6054bc4d7e883f615bfbcd08126a0f4931c83a6"},
    {file = "cryptography-45.0.7-cp311-abi3-musllinux_1_2_x86_64.whl", hash = "sha256:fa26fa54c0a9384c27fcdc905a2fb7d60ac6e47d14bc2692145f2b3b1e2cfdbd"},
    {file = "cryptography-45.0.7-cp311-abi3-win32.whl", hash = "sha256:bef32a5e327bd8e5af915d3416ffefdbe65ed975b646b3805be81b23580b57b8"},
    {file = "cryptography-45.0.7-cp311-abi3-win_amd64.whl", hash = "sha256:3808e6b2e5f0b46d981c24d79648e5c25c35e59902ea4391a0dcb3e667bf7443"},
    {file = "cryptography-45.0.7-cp37-abi3-macosx_10_9_universal2.whl", hash = "sha256:bfb4c801f65dd61cedfc61a83732327fafbac55a47282e6f26f073ca7a41c3b2"},
    {file = "cryptography-45.0.7-cp37-abi3-manylinux2014_aarch64.manylinux_2_17_aarch64.whl", hash = "sha256:81823935e2f8d476707e85a78a405953a03ef7b7b4f55f93f7c2d9680e5e0691"},
    {file = "cryptography-45.0.7-cp37-abi3-manylinux2014_x86_64.manylinux_2_17_x86_64.whl", hash = "sha256:3994c809c17fc570c2af12c9b840d7cea85a9fd3e5c0e0491f4fa3c029216d59"},
    {file = "cryptography-45.0.7-cp37-abi3-manylinux_2_28_aarch64.whl", hash = "sha256:dad43797959a74103cb59c5dac71409f9c27d34c8a05921341fb64ea8ccb1dd4"},
    {file = "cryptography-45.0.7-cp37-abi3-manylinux_2_28_armv7l.manylinux_2_31_armv7l.whl", hash = "sha256:ce7a453385e4c4693985b4a4a3533e041558851eae061a58a5405363b098fcd3"},
    {file = "cryptography-45.0.7-cp37-abi3-manylinux_2_28_x86_64.whl", hash = "sha256:b04f85ac3a90c227b6e5890acb0edbaf3140938dbecf07bff618bf3638578cf1"},
    {file = "cryptography-45.0.7-cp37-abi3-manylinux_2_34_aarch64.whl", hash = "sha256:48c41a44ef8b8c2e80ca4527ee81daa4c527df3ecbc9423c41a420a9559d0e27"},
    {file = "cryptography-45.0.7-cp37-abi3-manylinux_2_34_x86_64.whl", hash = "sha256:f3df7b3d0f91b88b2106031fd995802a2e9ae13e02c36c1fc075b43f420f3a17"},
    {file = "cryptography-45.0.7-cp37-abi3-musllinux_1_2_aarch64.whl", hash = "sha256:dd342f085542f6eb894ca00ef70236ea46070c8a13824c6bde0dfdcd36065b9b"},
    {file = "cryptography-45.0.7-cp37-abi3-musllinux_1_2_x86_64.whl", hash = "sha256:1993a1bb7e4eccfb922b6cd414f072e08ff5816702a0bdb8941c247a6b1b287c"},
    {file = "cryptography-45.0.7-cp37-abi3-win32.whl", hash = "sha256:18fcf70f243fe07252dcb1b268a687f2358025ce32f9f88028ca5c364b123ef5"},
    {file = "cryptography-45.0.7-cp37-abi3-win_amd64.whl", hash = "sha256:7285a89df4900ed3bfaad5679b1e668cb4b38a8de1ccbfc84b05f34512da0a90"},
    {file = "cryptography-45.0.7-pp310-pypy310_pp73-macosx_10_9_x86_64.whl", hash = "sha256:de58755d723e86175756f463f2f0bddd45cc36fbd62601228a3f8761c9f58252"},
    {file = "cryptography-45.0.7-pp310-pypy310_pp73-manylinux_2_28_aarch64.whl", hash = "sha256:a20e442e917889d1a6b3c570c9e3fa2fdc398c20868abcea268ea33c024c4083"},
    {file = "cryptography-45.0.7-pp310-pypy310_pp73-manylinux_2_28_x86_64.whl", hash = "sha256:258e0dff86d1d891169b5af222d362468a9570e2532923088658aa866eb11130"},
    {file = "cryptography-45.0.7-pp310-pypy310_pp73-manylinux_2_34_aarch64.whl", hash = "sha256:d97cf502abe2ab9eff8bd5e4aca274da8d06dd3ef08b759a8d6143f4ad65d4b4"},
    {file = "cryptography-45.0.7-pp310-pypy310_pp73-manylinux_2_34_x86_64.whl", hash = "sha256:c987dad82e8c65ebc985f5dae5e74a3beda9d0a2a4daf8a1115f3772b59e5141"},
    {file = "cryptography-45.0.7-pp310-pypy310_pp73-win_amd64.whl", hash = "sha256:c13b1e3afd29a5b3b2656257f14669ca8fa8d7956d509926f0b130b600b50ab7"},
    {file = "cryptography-45.0.7-pp311-pypy311_pp73-macosx_10_9_x86_64.whl", hash = "sha256:4a862753b36620af6fc54209264f92c716367f2f0ff4624952276a6bbd18cbde"},
    {file = "cryptography-45.0.7-pp311-pypy311_pp73-manylinux_2_28_aarch64.whl", hash = "sha256:06ce84dc14df0bf6ea84666f958e6080cdb6fe1231be2a51f3fc1267d9f3fb34"},
    {file = "cryptography-45.0.7-pp311-pypy311_pp73-manylinux_2_28_x86_64.whl", hash = "sha256:d0c5c6bac22b177bf8da7435d9d27a6834ee130309749d162b26c3105c0795a9"},
    {file = "cryptography-45.0.7-pp311-pypy311_pp73-manylinux_2_34_aarch64.whl", hash = "sha256:2f641b64acc00811da98df63df7d59fd4706c0df449da71cb7ac39a0732b40ae"},
    {file = "cryptography-45.0.7-pp311-pypy311_pp73-manylinux_2_34_x86_64.whl", hash = "sha256:f5414a788ecc6ee6bc58560e85ca624258a55ca434884445440a810796ea0e0b"},
    {file = "cryptography-45.0.7-pp311-pypy311_pp73-win_amd64.whl", hash = "sha256:1f3d56f73595376f4244646dd5c5870c14c196949807be39e79e7bd9bac3da63"},
    {file = "cryptography-45.0.7.tar.gz", hash = "sha256:4b1654dfc64ea479c242508eb8c724044f1e964a47d1d1cacc5132292d851971"},
]

[package.dependencies]
cffi = {version = ">=1.14", markers = "platform_python_implementation != \"PyPy\""}

[package.extras]
docs = ["sphinx (>=5.3.0)", "sphinx-inline-tabs ; python_full_version >= \"3.8.0\"", "sphinx-rtd-theme (>=3.0.0) ; python_full_version >= \"3.8.0\""]
docstest = ["pyenchant (>=3)", "readme-renderer (>=30.0)", "sphinxcontrib-spelling (>=7.3.1)"]
nox = ["nox (>=2024.4.15)", "nox[uv] (>=2024.3.2) ; python_full_version >= \"3.8.0\""]
pep8test = ["check-sdist ; python_full_version >= \"3.8.0\"", "click (>=8.0.1)", "mypy (>=1.4)", "ruff (>=0.3.6)"]
sdist = ["build (>=1.0.0)"]
ssh = ["bcrypt (>=3.1.5)"]
test = ["certifi (>=2024)", "cryptography-vectors (==45.0.7)", "pretend (>=0.7)", "pytest (>=7.4.0)", "pytest-benchmark (>=4.0)", "pytest-cov (>=2.10.1)", "pytest-xdist (>=3.5.0)"]
test-randomorder = ["pytest-randomly"]

[[package]]
name = "cryptography"
version = "46.0.0"
description = "cryptography is a package which provides cryptographic recipes and primitives to Python developers."
optional = false
python-versions = "!=3.9.0,!=3.9.1,>=3.8"
groups = ["main"]
markers = "python_full_version < \"3.14.0\" or platform_python_implementation == \"PyPy\""
files = [
    {file = "cryptography-46.0.0-cp311-abi3-macosx_10_9_universal2.whl", hash = "sha256:c9c4121f9a41cc3d02164541d986f59be31548ad355a5c96ac50703003c50fb7"},
    {file = "cryptography-46.0.0-cp311-abi3-manylinux2014_aarch64.manylinux_2_17_aarch64.whl", hash = "sha256:4f70cbade61a16f5e238c4b0eb4e258d177a2fcb59aa0aae1236594f7b0ae338"},
    {file = "cryptography-46.0.0-cp311-abi3-manylinux2014_x86_64.manylinux_2_17_x86_64.whl", hash = "sha256:d1eccae15d5c28c74b2bea228775c63ac5b6c36eedb574e002440c0bc28750d3"},
    {file = "cryptography-46.0.0-cp311-abi3-manylinux_2_28_aarch64.whl", hash = "sha256:1b4fba84166d906a22027f0d958e42f3a4dbbb19c28ea71f0fb7812380b04e3c"},
    {file = "cryptography-46.0.0-cp311-abi3-manylinux_2_28_armv7l.manylinux_2_31_armv7l.whl", hash = "sha256:523153480d7575a169933f083eb47b1edd5fef45d87b026737de74ffeb300f69"},
    {file = "cryptography-46.0.0-cp311-abi3-manylinux_2_28_ppc64le.whl", hash = "sha256:f09a3a108223e319168b7557810596631a8cb864657b0c16ed7a6017f0be9433"},
    {file = "cryptography-46.0.0-cp311-abi3-manylinux_2_28_x86_64.whl", hash = "sha256:c1f6ccd6f2eef3b2eb52837f0463e853501e45a916b3fc42e5d93cf244a4b97b"},
    {file = "cryptography-46.0.0-cp311-abi3-manylinux_2_34_aarch64.whl", hash = "sha256:80a548a5862d6912a45557a101092cd6c64ae1475b82cef50ee305d14a75f598"},
    {file = "cryptography-46.0.0-cp311-abi3-manylinux_2_34_ppc64le.whl", hash = "sha256:6c39fd5cd9b7526afa69d64b5e5645a06e1b904f342584b3885254400b63f1b3"},
    {file = "cryptography-46.0.0-cp311-abi3-manylinux_2_34_x86_64.whl", hash = "sha256:d5c0cbb2fb522f7e39b59a5482a1c9c5923b7c506cfe96a1b8e7368c31617ac0"},
    {file = "cryptography-46.0.0-cp311-abi3-musllinux_1_2_aarch64.whl", hash = "sha256:6d8945bc120dcd90ae39aa841afddaeafc5f2e832809dc54fb906e3db829dfdc"},
    {file = "cryptography-46.0.0-cp311-abi3-musllinux_1_2_x86_64.whl", hash = "sha256:88c09da8a94ac27798f6b62de6968ac78bb94805b5d272dbcfd5fdc8c566999f"},
    {file = "cryptography-46.0.0-cp311-abi3-win32.whl", hash = "sha256:3738f50215211cee1974193a1809348d33893696ce119968932ea117bcbc9b1d"},
    {file = "cryptography-46.0.0-cp311-abi3-win_amd64.whl", hash = "sha256:bbaa5eef3c19c66613317dc61e211b48d5f550db009c45e1c28b59d5a9b7812a"},
    {file = "cryptography-46.0.0-cp311-abi3-win_arm64.whl", hash = "sha256:16b5ac72a965ec9d1e34d9417dbce235d45fa04dac28634384e3ce40dfc66495"},
    {file = "cryptography-46.0.0-cp314-abi3-macosx_10_9_universal2.whl", hash = "sha256:91585fc9e696abd7b3e48a463a20dda1a5c0eeeca4ba60fa4205a79527694390"},
    {file = "cryptography-46.0.0-cp314-cp314t-manylinux2014_aarch64.manylinux_2_17_aarch64.whl", hash = "sha256:65e9117ebed5b16b28154ed36b164c20021f3a480e9cbb4b4a2a59b95e74c25d"},
    {file = "cryptography-46.0.0-cp314-cp314t-manylinux2014_x86_64.manylinux_2_17_x86_64.whl", hash = "sha256:da7f93551d39d462263b6b5c9056c49f780b9200bf9fc2656d7c88c7bdb9b363"},
    {file = "cryptography-46.0.0-cp314-cp314t-manylinux_2_28_aarch64.whl", hash = "sha256:be7479f9504bfb46628544ec7cb4637fe6af8b70445d4455fbb9c395ad9b7290"},
    {file = "cryptography-46.0.0-cp314-cp314t-manylinux_2_28_armv7l.manylinux_2_31_armv7l.whl", hash = "sha256:f85e6a7d42ad60024fa1347b1d4ef82c4df517a4deb7f829d301f1a92ded038c"},
    {file = "cryptography-46.0.0-cp314-cp314t-manylinux_2_28_ppc64le.whl", hash = "sha256:d349af4d76a93562f1dce4d983a4a34d01cb22b48635b0d2a0b8372cdb4a8136"},
    {file = "cryptography-46.0.0-cp314-cp314t-manylinux_2_28_x86_64.whl", hash = "sha256:35aa1a44bd3e0efc3ef09cf924b3a0e2a57eda84074556f4506af2d294076685"},
    {file = "cryptography-46.0.0-cp314-cp314t-manylinux_2_34_aarch64.whl", hash = "sha256:c457ad3f151d5fb380be99425b286167b358f76d97ad18b188b68097193ed95a"},
    {file = "cryptography-46.0.0-cp314-cp314t-manylinux_2_34_ppc64le.whl", hash = "sha256:399ef4c9be67f3902e5ca1d80e64b04498f8b56c19e1bc8d0825050ea5290410"},
    {file = "cryptography-46.0.0-cp314-cp314t-manylinux_2_34_x86_64.whl", hash = "sha256:378eff89b040cbce6169528f130ee75dceeb97eef396a801daec03b696434f06"},
    {file = "cryptography-46.0.0-cp314-cp314t-musllinux_1_2_aarch64.whl", hash = "sha256:c3648d6a5878fd1c9a22b1d43fa75efc069d5f54de12df95c638ae7ba88701d0"},
    {file = "cryptography-46.0.0-cp314-cp314t-musllinux_1_2_x86_64.whl", hash = "sha256:2fc30be952dd4334801d345d134c9ef0e9ccbaa8c3e1bc18925cbc4247b3e29c"},
    {file = "cryptography-46.0.0-cp314-cp314t-win32.whl", hash = "sha256:b8e7db4ce0b7297e88f3d02e6ee9a39382e0efaf1e8974ad353120a2b5a57ef7"},
    {file = "cryptography-46.0.0-cp314-cp314t-win_amd64.whl", hash = "sha256:40ee4ce3c34acaa5bc347615ec452c74ae8ff7db973a98c97c62293120f668c6"},
    {file = "cryptography-46.0.0-cp314-cp314t-win_arm64.whl", hash = "sha256:07a1be54f995ce14740bf8bbe1cc35f7a37760f992f73cf9f98a2a60b9b97419"},
    {file = "cryptography-46.0.0-cp38-abi3-macosx_10_9_universal2.whl", hash = "sha256:1d2073313324226fd846e6b5fc340ed02d43fd7478f584741bd6b791c33c9fee"},
    {file = "cryptography-46.0.0-cp38-abi3-manylinux2014_aarch64.manylinux_2_17_aarch64.whl", hash = "sha256:83af84ebe7b6e9b6de05050c79f8cc0173c864ce747b53abce6a11e940efdc0d"},
    {file = "cryptography-46.0.0-cp38-abi3-manylinux2014_x86_64.manylinux_2_17_x86_64.whl", hash = "sha256:c3cd09b1490c1509bf3892bde9cef729795fae4a2fee0621f19be3321beca7e4"},
    {file = "cryptography-46.0.0-cp38-abi3-manylinux_2_28_aarch64.whl", hash = "sha256:d14eaf1569d6252280516bedaffdd65267428cdbc3a8c2d6de63753cf0863d5e"},
    {file = "cryptography-46.0.0-cp38-abi3-manylinux_2_28_armv7l.manylinux_2_31_armv7l.whl", hash = "sha256:ab3a14cecc741c8c03ad0ad46dfbf18de25218551931a23bca2731d46c706d83"},
    {file = "cryptography-46.0.0-cp38-abi3-manylinux_2_28_ppc64le.whl", hash = "sha256:8e8b222eb54e3e7d3743a7c2b1f7fa7df7a9add790307bb34327c88ec85fe087"},
    {file = "cryptography-46.0.0-cp38-abi3-manylinux_2_28_x86_64.whl", hash = "sha256:7f3f88df0c9b248dcc2e76124f9140621aca187ccc396b87bc363f890acf3a30"},
    {file = "cryptography-46.0.0-cp38-abi3-manylinux_2_34_aarch64.whl", hash = "sha256:9aa85222f03fdb30defabc7a9e1e3d4ec76eb74ea9fe1504b2800844f9c98440"},
    {file = "cryptography-46.0.0-cp38-abi3-manylinux_2_34_ppc64le.whl", hash = "sha256:f9aaf2a91302e1490c068d2f3af7df4137ac2b36600f5bd26e53d9ec320412d3"},
    {file = "cryptography-46.0.0-cp38-abi3-manylinux_2_34_x86_64.whl", hash = "sha256:32670ca085150ff36b438c17f2dfc54146fe4a074ebf0a76d72fb1b419a974bc"},
    {file = "cryptography-46.0.0-cp38-abi3-musllinux_1_2_aarch64.whl", hash = "sha256:0f58183453032727a65e6605240e7a3824fd1d6a7e75d2b537e280286ab79a52"},
    {file = "cryptography-46.0.0-cp38-abi3-musllinux_1_2_x86_64.whl", hash = "sha256:4bc257c2d5d865ed37d0bd7c500baa71f939a7952c424f28632298d80ccd5ec1"},
    {file = "cryptography-46.0.0-cp38-abi3-win32.whl", hash = "sha256:df932ac70388be034b2e046e34d636245d5eeb8140db24a6b4c2268cd2073270"},
    {file = "cryptography-46.0.0-cp38-abi3-win_amd64.whl", hash = "sha256:274f8b2eb3616709f437326185eb563eb4e5813d01ebe2029b61bfe7d9995fbb"},
    {file = "cryptography-46.0.0-cp38-abi3-win_arm64.whl", hash = "sha256:249c41f2bbfa026615e7bdca47e4a66135baa81b08509ab240a2e666f6af5966"},
    {file = "cryptography-46.0.0-pp310-pypy310_pp73-macosx_10_9_x86_64.whl", hash = "sha256:fe9ff1139b2b1f59a5a0b538bbd950f8660a39624bbe10cf3640d17574f973bb"},
    {file = "cryptography-46.0.0-pp310-pypy310_pp73-win_amd64.whl", hash = "sha256:77e3bd53c9c189cea361bc18ceb173959f8b2dd8f8d984ae118e9ac641410252"},
    {file = "cryptography-46.0.0-pp311-pypy311_pp73-macosx_10_9_x86_64.whl", hash = "sha256:75d2ddde8f1766ab2db48ed7f2aa3797aeb491ea8dfe9b4c074201aec00f5c16"},
    {file = "cryptography-46.0.0-pp311-pypy311_pp73-manylinux_2_28_aarch64.whl", hash = "sha256:f9f85d9cf88e3ba2b2b6da3c2310d1cf75bdf04a5bc1a2e972603054f82c4dd5"},
    {file = "cryptography-46.0.0-pp311-pypy311_pp73-manylinux_2_28_x86_64.whl", hash = "sha256:834af45296083d892e23430e3b11df77e2ac5c042caede1da29c9bf59016f4d2"},
    {file = "cryptography-46.0.0-pp311-pypy311_pp73-manylinux_2_34_aarch64.whl", hash = "sha256:c39f0947d50f74b1b3523cec3931315072646286fb462995eb998f8136779319"},
    {file = "cryptography-46.0.0-pp311-pypy311_pp73-manylinux_2_34_x86_64.whl", hash = "sha256:6460866a92143a24e3ed68eaeb6e98d0cedd85d7d9a8ab1fc293ec91850b1b38"},
    {file = "cryptography-46.0.0-pp311-pypy311_pp73-win_amd64.whl", hash = "sha256:bf1961037309ee0bdf874ccba9820b1c2f720c2016895c44d8eb2316226c1ad5"},
    {file = "cryptography-46.0.0.tar.gz", hash = "sha256:99f64a6d15f19f3afd78720ad2978f6d8d4c68cd4eb600fab82ab1a7c2071dca"},
]

[package.dependencies]
cffi = {version = ">=1.14", markers = "python_full_version < \"3.14.0\" and platform_python_implementation != \"PyPy\""}

[package.extras]
docs = ["sphinx (>=5.3.0)", "sphinx-inline-tabs", "sphinx-rtd-theme (>=3.0.0)"]
docstest = ["pyenchant (>=3)", "readme-renderer (>=30.0)", "sphinxcontrib-spelling (>=7.3.1)"]
nox = ["nox[uv] (>=2024.4.15)"]
pep8test = ["check-sdist", "click (>=8.0.1)", "mypy (>=1.14)", "ruff (>=0.11.11)"]
sdist = ["build (>=1.0.0)"]
ssh = ["bcrypt (>=3.1.5)"]
test = ["certifi (>=2024)", "cryptography-vectors (==46.0.0)", "pretend (>=0.7)", "pytest (>=7.4.0)", "pytest-benchmark (>=4.0)", "pytest-cov (>=2.10.1)", "pytest-xdist (>=3.5.0)"]
test-randomorder = ["pytest-randomly"]

[[package]]
name = "fido2"
version = "2.1.1"
description = "FIDO2/WebAuthn library for implementing clients and servers."
optional = false
python-versions = "<4,>=3.10"
groups = ["main"]
files = [
    {file = "fido2-2.1.1-py3-none-any.whl", hash = "sha256:f85c16c8084abf6530b6c6ec3a0cf8575943321842e06916686943a8b784182c"},
    {file = "fido2-2.1.1.tar.gz", hash = "sha256:f1379f845870cc7fc64c7f07323c3ce41e8c96c37054e79e0acd5630b3fec5ac"},
]

[package.dependencies]
cryptography = ">=2.6,<35 || >35,<49"
pyscard = {version = ">=1.9,<3", optional = true, markers = "extra == \"pcsc\""}

[package.extras]
pcsc = ["pyscard (>=1.9,<3)"]

[[package]]
name = "pycparser"
version = "3.0"
description = "C parser in Python"
optional = false
python-versions = ">=3.10"
groups = ["main"]
files = [
    {file = "pycparser-3.0-py3-none-any.whl", hash = "sha256:b727414169a36b7d524c1c3e31839a521725078d7b2ff038656844266160a992"},
    {file = "pycparser-3.0.tar.gz", hash = "sha256:600f49d217304a5902ac3c37e1281c9fe94e4d0489de643a9504c5cdfdfc6b29"},
]

[[package]]
name = "pyscard"
version = "2.3.1"
description = "Smartcard module for Python."
optional = false
python-versions = ">=3.9"
groups = ["main"]
files = [
    {file = "pyscard-2.3.1-cp310-cp310-macosx_10_9_universal2.whl", hash = "sha256:5bd277142644441cba8fe71bc991fe83108147f3ba22c01e8b9a5a3f41a31f69"},
    {file = "pyscard-2.3.1-cp310-cp310-win32.whl", hash = "sha256:717ea958ee77d7d4514ff0a6eb238082f9437e7882479ee6f742bb9db54419d4"},
    {file = "pyscard-2.3.1-cp310-cp310-win_amd64.whl", hash = "sha256:91b27548eddcd6c21f115d5e6151ced9b348aae989b0e4fcc1ad4c479e61610c"},
    {file = "pyscard-2.3.1-cp311-cp311-macosx_10_9_universal2.whl", hash = "sha256:341eca9151318093d5543fa812736546de19020d214e01aff9bbc231d1429949"},
    {file = "pyscard-2.3.1-cp311-cp311-win32.whl", hash = "sha256:be78734964621b59f8b63c90b822169dc804571df57f574733ccf585a31769af"},
    {file = "pyscard-2.3.1-cp311-cp311-win_amd64.whl", hash = "sha256:52da45a3becfb6807dcd9427d763aeb154c9c9e9ad324a13a2bf322fa31baca5"},
    {file = "pyscard-2.3.1-cp311-cp311-win_arm64.whl", hash = "sha256:e228c78e028b74e5411a604c765852bdc8fd04321f03e62d25cad8e90de27597"},
    {file = "pyscard-2.3.1-cp312-cp312-macosx_10_13_universal2.whl", hash = "sha256:acb9f4842cb08110d916e7e37ef225c755a1da627017364c55df547b6f187dcf"},
    {file = "pyscard-2.3.1-cp312-cp312-macosx_15_0_x86_64.whl", hash = "sha256:abf5091d5067ac4945eb2a283b60bddce7530595e585868449da12d3b9e885ee"},
    {file = "pyscard-2.3.1-cp312-cp312-win32.whl", hash = "sha256:c5d9fde122ffd41a74af72364166e8b23760230163e20c4c130aa0616bf4a786"},
    {file = "pyscard-2.3.1-cp312-cp312-win_amd64.whl", hash = "sha256:561889413866141b3a44099f043d10344ee64b0604d2fecb275975b54aa584c6"},
    {file = "pyscard-2.3.1-cp312-cp312-win_arm64.whl", hash = "sha256:06ae5e5421a5dd380e8c80046b4242e7b98ed381247117f4cf2c1c8328f74bce"},
    {file = "pyscard-2.3.1-cp313-cp313-macosx_10_13_universal2.whl", hash = "sha256:c11a596407e18cdcf16a4ccd8cdeaa55846d4f7ec2eefc529483e201f6906658"},
    {file = "pyscard-2.3.1-cp313-cp313-macosx_15_0_x86_64.whl", hash = "sha256:72b1ab922fad5e050144ec72762e36741271b09d2389cda9b976b61ee0564e71"},
    {file = "pyscard-2.3.1-cp313-cp313-win32.whl", hash = "sha256:a0b59d1961ff9fb15d980ad64edae13e4512b7e641ea8959e86133f34091aa5c"},
    {file = "pyscard-2.3.1-cp313-cp313-win_amd64.whl", hash = "sha256:df2b256bc719b701807114bdd179f7b303f309a954d5689188b088adfc33ead2"},
    {file = "pyscard-2.3.1-cp313-cp313-win_arm64.whl", hash = "sha256:f58b46cd78455a29a0abceabff21b37da81a385a737b29e6dd5e25acb7e3f3da"},
    {file = "pyscard-2.3.1-cp39-cp39-macosx_10_9_universal2.whl", hash = "sha256:a36bab071c6f4b1d74a8778a784ccf3cc04bf35a6c677bce15e70fdbeac5b932"},
    {file = "pyscard-2.3.1.tar.gz", hash = "sha256:a24356f57a0a950740b6e54f51f819edd5296ee8892a6625b0da04724e9e6c13"},
]

[package.extras]
gui = ["wxPython"]

[[package]]
name = "sd-notify"
version = "0.1.0"
description = "Simple sd_notify client library for Python 3"
optional = false
python-versions = ">=3.5"
groups = ["main"]
files = [
    {file = "sd-notify-0.1.0.tar.gz", hash = "sha256:74b343f5604ea3287a9d6812657e23c5bf3ccf67a771f528f049296fc2286948"},
    {file = "sd_notify-0.1.0-py3-none-any.whl", hash = "sha256:8a3ab485d6a1a07035a3caed00b9efc1953b08c268b50100beface5b2c6fd84b"},
]

[[package]]
name = "uhid"
version = "0.0.1"
description = ""
optional = false
python-versions = ">=3.7"
groups = ["main"]
files = [
    {file = "uhid-0.0.1-py3-none-any.whl", hash = "sha256:c4cf5cbe6ab5a57ae4a21e2f79558a7a7af80c518903819fb00b370abc5c6d06"},
    {file = "uhid-0.0.1.tar.gz", hash = "sha256:3c782489890dbf33621fb2c30d1ac81fbc1b3ef1911ae7d4c73907cdc0f59aab"},
]

[package.extras]
docs = ["furo (>=2020.11.19b18)", "sphinx (>=3.0,<4.0)", "sphinx-autodoc-typehints (>=1.10)", "sphinxcontrib-trio (>=1.1.0)"]
test = ["ioctl (>=0.2.1)", "pytest", "pytest-asyncio", "pytest-cov", "pytest-timeout", "pytest-trio"]
trio = ["trio"]

[metadata]
lock-version = "2.1"
python-versions = "^3.12"
content-hash = "d3f9b0e0d14d3879e3465b6797bd61a720ecd587b4eb5831cea3cdfa54fdab0b"
